
Microsoft Visual Studio Solution File, Format Version 12.00
# Visual Studio Version 17
VisualStudioVersion = 17.3.32922.545
MinimumVisualStudioVersion = 10.0.40219.1
Project("{FAE04EC0-301F-11D3-BF4B-00C04F79EFBC}") = "ArticuloApi", "ArticuloApi\ArticuloApi.csproj", "{BD51DA45-91CA-45A3-BCAD-82E1FAEEB792}"
EndProject
Global
	GlobalSection(SolutionConfigurationPlatforms) = preSolution
		Debug|Any CPU = Debug|Any CPU
		Release|Any CPU = Release|Any CPU
	EndGlobalSection
	GlobalSection(ProjectConfigurationPlatforms) = postSolution
		{BD51DA45-91CA-45A3-BCAD-82E1FAEEB792}.Debug|Any CPU.ActiveCfg = Debug|Any CPU
		{BD51DA45-91CA-45A3-BCAD-82E1FAEEB792}.Debug|Any CPU.Build.0 = Debug|Any CPU
		{BD51DA45-91CA-45A3-BCAD-82E1FAEEB792}.Release|Any CPU.ActiveCfg = Release|Any CPU
		{BD51DA45-91CA-45A3-BCAD-82E1FAEEB792}.Release|Any CPU.Build.0 = Release|Any CPU
	EndGlobalSection
	GlobalSection(SolutionProperties) = preSolution
		HideSolutionNode = FALSE
	EndGlobalSection
	GlobalSection(ExtensibilityGlobals) = postSolution
		SolutionGuid = {8CC7AF9A-0121-414B-AF99-0A27FD666E8C}
	EndGlobalSection
EndGlobal
